
Microsoft Visual Studio Solution File, Format Version 12.00
# Visual Studio Version 17
VisualStudioVersion = 17.13.35825.156 d17.13
MinimumVisualStudioVersion = 10.0.40219.1
Project("{FAE04EC0-301F-11D3-BF4B-00C04F79EFBC}") = "Quản Lý Thư Viện", "Quản Lý Thư Viện\Quản Lý Thư Viện.csproj", "{A088B896-B8A7-4C0A-8797-CD211FE48936}"
EndProject
Global
	GlobalSection(SolutionConfigurationPlatforms) = preSolution
		Debug|Any CPU = Debug|Any CPU
		Release|Any CPU = Release|Any CPU
	EndGlobalSection
	GlobalSection(ProjectConfigurationPlatforms) = postSolution
		{A088B896-B8A7-4C0A-8797-CD211FE48936}.Debug|Any CPU.ActiveCfg = Debug|Any CPU
		{A088B896-B8A7-4C0A-8797-CD211FE48936}.Debug|Any CPU.Build.0 = Debug|Any CPU
		{A088B896-B8A7-4C0A-8797-CD211FE48936}.Release|Any CPU.ActiveCfg = Release|Any CPU
		{A088B896-B8A7-4C0A-8797-CD211FE48936}.Release|Any CPU.Build.0 = Release|Any CPU
	EndGlobalSection
	GlobalSection(SolutionProperties) = preSolution
		HideSolutionNode = FALSE
	EndGlobalSection
	GlobalSection(ExtensibilityGlobals) = postSolution
		SolutionGuid = {342BA255-039E-4C2F-AAE7-8B4BCB1CCC67}
	EndGlobalSection
EndGlobal
